
Microsoft Visual Studio Solution File, Format Version 12.00
# Visual Studio 2015
Project("{FAE04EC0-301F-11D3-BF4B-00C04F79EFBC}") = "Plantastic", "Plantastic.csproj", "{AA996851-E069-C2FC-8408-6A1F8BDDE1D9}"
EndProject
Global
	GlobalSection(SolutionConfigurationPlatforms) = preSolution
		Debug|Any CPU = Debug|Any CPU
		Release|Any CPU = Release|Any CPU
	EndGlobalSection
	GlobalSection(ProjectConfigurationPlatforms) = postSolution
		{AA996851-E069-C2FC-8408-6A1F8BDDE1D9}.Debug|Any CPU.ActiveCfg = Debug|Any CPU
		{AA996851-E069-C2FC-8408-6A1F8BDDE1D9}.Debug|Any CPU.Build.0 = Debug|Any CPU
		{AA996851-E069-C2FC-8408-6A1F8BDDE1D9}.Release|Any CPU.ActiveCfg = Release|Any CPU
		{AA996851-E069-C2FC-8408-6A1F8BDDE1D9}.Release|Any CPU.Build.0 = Release|Any CPU
	EndGlobalSection
	GlobalSection(SolutionProperties) = preSolution
		HideSolutionNode = FALSE
	EndGlobalSection
EndGlobal
